// !$*UTF8*$!
{
	archiveVersion = 1;
	classes = {
	};
	objectVersion = 46;
	objects = {

/* Begin PBXBuildFile section */
		9088AF401F8C3EF800119B97 /* AppDelegate.swift in Sources */ = {isa = PBXBuildFile; fileRef = 9088AF3F1F8C3EF800119B97 /* AppDelegate.swift */; };
		9088AF421F8C3EF800119B97 /* MasterViewController.swift in Sources */ = {isa = PBXBuildFile; fileRef = 9088AF411F8C3EF800119B97 /* MasterViewController.swift */; };
		9088AF441F8C3EF800119B97 /* DetailViewController.swift in Sources */ = {isa = PBXBuildFile; fileRef = 9088AF431F8C3EF800119B97 /* DetailViewController.swift */; };
		9088AF471F8C3EF800119B97 /* Main.storyboard in Resources */ = {isa = PBXBuildFile; fileRef = 9088AF451F8C3EF800119B97 /* Main.storyboard */; };
		9088AF491F8C3EF800119B97 /* Assets.xcassets in Resources */ = {isa = PBXBuildFile; fileRef = 9088AF481F8C3EF800119B97 /* Assets.xcassets */; };
		9088AF4C1F8C3EF800119B97 /* LaunchScreen.storyboard in Resources */ = {isa = PBXBuildFile; fileRef = 9088AF4A1F8C3EF800119B97 /* LaunchScreen.storyboard */; };
		9088AF601F8C40CE00119B97 /* Diablo III.jpg in Resources */ = {isa = PBXBuildFile; fileRef = 9088AF561F8C40CE00119B97 /* Diablo III.jpg */; };
		9088AF611F8C40CE00119B97 /* Elder Scrolls Online.jpg in Resources */ = {isa = PBXBuildFile; fileRef = 9088AF571F8C40CE00119B97 /* Elder Scrolls Online.jpg */; };
		9088AF621F8C40CE00119B97 /* Final Fantasy A Realm Reborn.jpg in Resources */ = {isa = PBXBuildFile; fileRef = 9088AF581F8C40CE00119B97 /* Final Fantasy A Realm Reborn.jpg */; };
		9088AF631F8C40CE00119B97 /* Final Fantasy VII.jpg in Resources */ = {isa = PBXBuildFile; fileRef = 9088AF591F8C40CE00119B97 /* Final Fantasy VII.jpg */; };
		9088AF641F8C40CE00119B97 /* Final Fantasy X.jpg in Resources */ = {isa = PBXBuildFile; fileRef = 9088AF5A1F8C40CE00119B97 /* Final Fantasy X.jpg */; };
		9088AF651F8C40CE00119B97 /* Final Fantasy XV.jpg in Resources */ = {isa = PBXBuildFile; fileRef = 9088AF5B1F8C40CE00119B97 /* Final Fantasy XV.jpg */; };
		9088AF661F8C40CE00119B97 /* Kingdom Hearts 2.jpg in Resources */ = {isa = PBXBuildFile; fileRef = 9088AF5C1F8C40CE00119B97 /* Kingdom Hearts 2.jpg */; };
		9088AF671F8C40CE00119B97 /* Kingdom Hearts Birth By Sleep.jpg in Resources */ = {isa = PBXBuildFile; fileRef = 9088AF5D1F8C40CE00119B97 /* Kingdom Hearts Birth By Sleep.jpg */; };
		9088AF681F8C40CE00119B97 /* Maplestory.jpg in Resources */ = {isa = PBXBuildFile; fileRef = 9088AF5E1F8C40CE00119B97 /* Maplestory.jpg */; };
		9088AF691F8C40CE00119B97 /* Skyrim.jpg in Resources */ = {isa = PBXBuildFile; fileRef = 9088AF5F1F8C40CE00119B97 /* Skyrim.jpg */; };
/* End PBXBuildFile section */

/* Begin PBXFileReference section */
		9088AF3C1F8C3EF800119B97 /* My Gaming Interest.app */ = {isa = PBXFileReference; explicitFileType = wrapper.application; includeInIndex = 0; path = "My Gaming Interest.app"; sourceTree = BUILT_PRODUCTS_DIR; };
		9088AF3F1F8C3EF800119B97 /* AppDelegate.swift */ = {isa = PBXFileReference; lastKnownFileType = sourcecode.swift; path = AppDelegate.swift; sourceTree = "<group>"; };
		9088AF411F8C3EF800119B97 /* MasterViewController.swift */ = {isa = PBXFileReference; lastKnownFileType = sourcecode.swift; path = MasterViewController.swift; sourceTree = "<group>"; };
		9088AF431F8C3EF800119B97 /* DetailViewController.swift */ = {isa = PBXFileReference; lastKnownFileType = sourcecode.swift; path = DetailViewController.swift; sourceTree = "<group>"; };
		9088AF461F8C3EF800119B97 /* Base */ = {isa = PBXFileReference; lastKnownFileType = file.storyboard; name = Base; path = Base.lproj/Main.storyboard; sourceTree = "<group>"; };
		9088AF481F8C3EF800119B97 /* Assets.xcassets */ = {isa = PBXFileReference; lastKnownFileType = folder.assetcatalog; path = Assets.xcassets; sourceTree = "<group>"; };
		9088AF4B1F8C3EF800119B97 /* Base */ = {isa = PBXFileReference; lastKnownFileType = file.storyboard; name = Base; path = Base.lproj/LaunchScreen.storyboard; sourceTree = "<group>"; };
		9088AF4D1F8C3EF800119B97 /* Info.plist */ = {isa = PBXFileReference; lastKnownFileType = text.plist.xml; path = Info.plist; sourceTree = "<group>"; };
		9088AF561F8C40CE00119B97 /* Diablo III.jpg */ = {isa = PBXFileReference; lastKnownFileType = image.jpeg; path = "Diablo III.jpg"; sourceTree = "<group>"; };
		9088AF571F8C40CE00119B97 /* Elder Scrolls Online.jpg */ = {isa = PBXFileReference; lastKnownFileType = image.jpeg; path = "Elder Scrolls Online.jpg"; sourceTree = "<group>"; };
		9088AF581F8C40CE00119B97 /* Final Fantasy A Realm Reborn.jpg */ = {isa = PBXFileReference; lastKnownFileType = image.jpeg; path = "Final Fantasy A Realm Reborn.jpg"; sourceTree = "<group>"; };
		9088AF591F8C40CE00119B97 /* Final Fantasy VII.jpg */ = {isa = PBXFileReference; lastKnownFileType = image.jpeg; path = "Final Fantasy VII.jpg"; sourceTree = "<group>"; };
		9088AF5A1F8C40CE00119B97 /* Final Fantasy X.jpg */ = {isa = PBXFileReference; lastKnownFileType = image.jpeg; path = "Final Fantasy X.jpg"; sourceTree = "<group>"; };
		9088AF5B1F8C40CE00119B97 /* Final Fantasy XV.jpg */ = {isa = PBXFileReference; lastKnownFileType = image.jpeg; path = "Final Fantasy XV.jpg"; sourceTree = "<group>"; };
		9088AF5C1F8C40CE00119B97 /* Kingdom Hearts 2.jpg */ = {isa = PBXFileReference; lastKnownFileType = image.jpeg; path = "Kingdom Hearts 2.jpg"; sourceTree = "<group>"; };
		9088AF5D1F8C40CE00119B97 /* Kingdom Hearts Birth By Sleep.jpg */ = {isa = PBXFileReference; lastKnownFileType = image.jpeg; path = "Kingdom Hearts Birth By Sleep.jpg"; sourceTree = "<group>"; };
		9088AF5E1F8C40CE00119B97 /* Maplestory.jpg */ = {isa = PBXFileReference; lastKnownFileType = image.jpeg; path = Maplestory.jpg; sourceTree = "<group>"; };
		9088AF5F1F8C40CE00119B97 /* Skyrim.jpg */ = {isa = PBXFileReference; lastKnownFileType = image.jpeg; path = Skyrim.jpg; sourceTree = "<group>"; };
/* End PBXFileReference section */

/* Begin PBXFrameworksBuildPhase section */
		9088AF391F8C3EF800119B97 /* Frameworks */ = {
			isa = PBXFrameworksBuildPhase;
			buildActionMask = 2147483647;
			files = (
			);
			runOnlyForDeploymentPostprocessing = 0;
		};
/* End PBXFrameworksBuildPhase section */

/* Begin PBXGroup section */
		9088AF331F8C3EF800119B97 = {
			isa = PBXGroup;
			children = (
				9088AF531F8C40A600119B97 /* Photos */,
				9088AF3E1F8C3EF800119B97 /* My Gaming Interest */,
				9088AF3D1F8C3EF800119B97 /* Products */,
			);
			sourceTree = "<group>";
		};
		9088AF3D1F8C3EF800119B97 /* Products */ = {
			isa = PBXGroup;
			children = (
				9088AF3C1F8C3EF800119B97 /* My Gaming Interest.app */,
			);
			name = Products;
			sourceTree = "<group>";
		};
		9088AF3E1F8C3EF800119B97 /* My Gaming Interest */ = {
			isa = PBXGroup;
			children = (
				9088AF3F1F8C3EF800119B97 /* AppDelegate.swift */,
				9088AF411F8C3EF800119B97 /* MasterViewController.swift */,
				9088AF431F8C3EF800119B97 /* DetailViewController.swift */,
				9088AF451F8C3EF800119B97 /* Main.storyboard */,
				9088AF481F8C3EF800119B97 /* Assets.xcassets */,
				9088AF4A1F8C3EF800119B97 /* LaunchScreen.storyboard */,
				9088AF4D1F8C3EF800119B97 /* Info.plist */,
			);
			path = "My Gaming Interest";
			sourceTree = "<group>";
		};
		9088AF531F8C40A600119B97 /* Photos */ = {
			isa = PBXGroup;
			children = (
				9088AF561F8C40CE00119B97 /* Diablo III.jpg */,
				9088AF571F8C40CE00119B97 /* Elder Scrolls Online.jpg */,
				9088AF581F8C40CE00119B97 /* Final Fantasy A Realm Reborn.jpg */,
				9088AF591F8C40CE00119B97 /* Final Fantasy VII.jpg */,
				9088AF5A1F8C40CE00119B97 /* Final Fantasy X.jpg */,
				9088AF5B1F8C40CE00119B97 /* Final Fantasy XV.jpg */,
				9088AF5C1F8C40CE00119B97 /* Kingdom Hearts 2.jpg */,
				9088AF5D1F8C40CE00119B97 /* Kingdom Hearts Birth By Sleep.jpg */,
				9088AF5E1F8C40CE00119B97 /* Maplestory.jpg */,
				9088AF5F1F8C40CE00119B97 /* Skyrim.jpg */,
			);
			name = Photos;
			sourceTree = "<group>";
		};
/* End PBXGroup section */

/* Begin PBXNativeTarget section */
		9088AF3B1F8C3EF800119B97 /* My Gaming Interest */ = {
			isa = PBXNativeTarget;
			buildConfigurationList = 9088AF501F8C3EF800119B97 /* Build configuration list for PBXNativeTarget "My Gaming Interest" */;
			buildPhases = (
				9088AF381F8C3EF800119B97 /* Sources */,
				9088AF391F8C3EF800119B97 /* Frameworks */,
				9088AF3A1F8C3EF800119B97 /* Resources */,
			);
			buildRules = (
			);
			dependencies = (
			);
			name = "My Gaming Interest";
			productName = "My Gaming Interest";
			productReference = 9088AF3C1F8C3EF800119B97 /* My Gaming Interest.app */;
			productType = "com.apple.product-type.application";
		};
/* End PBXNativeTarget section */

/* Begin PBXProject section */
		9088AF341F8C3EF800119B97 /* Project object */ = {
			isa = PBXProject;
			attributes = {
				LastSwiftUpdateCheck = 0830;
				LastUpgradeCheck = 0830;
				ORGANIZATIONNAME = "Rock Valley College";
				TargetAttributes = {
					9088AF3B1F8C3EF800119B97 = {
						CreatedOnToolsVersion = 8.3.2;
						ProvisioningStyle = Automatic;
					};
				};
			};
			buildConfigurationList = 9088AF371F8C3EF800119B97 /* Build configuration list for PBXProject "My Gaming Interest" */;
			compatibilityVersion = "Xcode 3.2";
			developmentRegion = English;
			hasScannedForEncodings = 0;
			knownRegions = (
				en,
				Base,
			);
			mainGroup = 9088AF331F8C3EF800119B97;
			productRefGroup = 9088AF3D1F8C3EF800119B97 /* Products */;
			projectDirPath = "";
			projectRoot = "";
			targets = (
				9088AF3B1F8C3EF800119B97 /* My Gaming Interest */,
			);
		};
/* End PBXProject section */

/* Begin PBXResourcesBuildPhase section */
		9088AF3A1F8C3EF800119B97 /* Resources */ = {
			isa = PBXResourcesBuildPhase;
			buildActionMask = 2147483647;
			files = (
				9088AF671F8C40CE00119B97 /* Kingdom Hearts Birth By Sleep.jpg in Resources */,
				9088AF641F8C40CE00119B97 /* Final Fantasy X.jpg in Resources */,
				9088AF661F8C40CE00119B97 /* Kingdom Hearts 2.jpg in Resources */,
				9088AF681F8C40CE00119B97 /* Maplestory.jpg in Resources */,
				9088AF4C1F8C3EF800119B97 /* LaunchScreen.storyboard in Resources */,
				9088AF601F8C40CE00119B97 /* Diablo III.jpg in Resources */,
				9088AF631F8C40CE00119B97 /* Final Fantasy VII.jpg in Resources */,
				9088AF691F8C40CE00119B97 /* Skyrim.jpg in Resources */,
				9088AF611F8C40CE00119B97 /* Elder Scrolls Online.jpg in Resources */,
				9088AF491F8C3EF800119B97 /* Assets.xcassets in Resources */,
				9088AF471F8C3EF800119B97 /* Main.storyboard in Resources */,
				9088AF621F8C40CE00119B97 /* Final Fantasy A Realm Reborn.jpg in Resources */,
				9088AF651F8C40CE00119B97 /* Final Fantasy XV.jpg in Resources */,
			);
			runOnlyForDeploymentPostprocessing = 0;
		};
/* End PBXResourcesBuildPhase section */

/* Begin PBXSourcesBuildPhase section */
		9088AF381F8C3EF800119B97 /* Sources */ = {
			isa = PBXSourcesBuildPhase;
			buildActionMask = 2147483647;
			files = (
				9088AF441F8C3EF800119B97 /* DetailViewController.swift in Sources */,
				9088AF421F8C3EF800119B97 /* MasterViewController.swift in Sources */,
				9088AF401F8C3EF800119B97 /* AppDelegate.swift in Sources */,
			);
			runOnlyForDeploymentPostprocessing = 0;
		};
/* End PBXSourcesBuildPhase section */

/* Begin PBXVariantGroup section */
		9088AF451F8C3EF800119B97 /* Main.storyboard */ = {
			isa = PBXVariantGroup;
			children = (
				9088AF461F8C3EF800119B97 /* Base */,
			);
			name = Main.storyboard;
			sourceTree = "<group>";
		};
		9088AF4A1F8C3EF800119B97 /* LaunchScreen.storyboard */ = {
			isa = PBXVariantGroup;
			children = (
				9088AF4B1F8C3EF800119B97 /* Base */,
			);
			name = LaunchScreen.storyboard;
			sourceTree = "<group>";
		};
/* End PBXVariantGroup section */

/* Begin XCBuildConfiguration section */
		9088AF4E1F8C3EF800119B97 /* Debug */ = {
			isa = XCBuildConfiguration;
			buildSettings = {
				ALWAYS_SEARCH_USER_PATHS = NO;
				CLANG_ANALYZER_NONNULL = YES;
				CLANG_ANALYZER_NUMBER_OBJECT_CONVERSION = YES_AGGRESSIVE;
				CLANG_CXX_LANGUAGE_STANDARD = "gnu++0x";
				CLANG_CXX_LIBRARY = "libc++";
				CLANG_ENABLE_MODULES = YES;
				CLANG_ENABLE_OBJC_ARC = YES;
				CLANG_WARN_BOOL_CONVERSION = YES;
				CLANG_WARN_CONSTANT_CONVERSION = YES;
				CLANG_WARN_DIRECT_OBJC_ISA_USAGE = YES_ERROR;
				CLANG_WARN_DOCUMENTATION_COMMENTS = YES;
				CLANG_WARN_EMPTY_BODY = YES;
				CLANG_WARN_ENUM_CONVERSION = YES;
				CLANG_WARN_INFINITE_RECURSION = YES;
				CLANG_WARN_INT_CONVERSION = YES;
				CLANG_WARN_OBJC_ROOT_CLASS = YES_ERROR;
				CLANG_WARN_SUSPICIOUS_MOVE = YES;
				CLANG_WARN_UNREACHABLE_CODE = YES;
				CLANG_WARN__DUPLICATE_METHOD_MATCH = YES;
				"CODE_SIGN_IDENTITY[sdk=iphoneos*]" = "iPhone Developer";
				COPY_PHASE_STRIP = NO;
				DEBUG_INFORMATION_FORMAT = dwarf;
				ENABLE_STRICT_OBJC_MSGSEND = YES;
				ENABLE_TESTABILITY = YES;
				GCC_C_LANGUAGE_STANDARD = gnu99;
				GCC_DYNAMIC_NO_PIC = NO;
				GCC_NO_COMMON_BLOCKS = YES;
				GCC_OPTIMIZATION_LEVEL = 0;
				GCC_PREPROCESSOR_DEFINITIONS = (
					"DEBUG=1",
					"$(inherited)",
				);
				GCC_WARN_64_TO_32_BIT_CONVERSION = YES;
				GCC_WARN_ABOUT_RETURN_TYPE = YES_ERROR;
				GCC_WARN_UNDECLARED_SELECTOR = YES;
				GCC_WARN_UNINITIALIZED_AUTOS = YES_AGGRESSIVE;
				GCC_WARN_UNUSED_FUNCTION = YES;
				GCC_WARN_UNUSED_VARIABLE = YES;
				IPHONEOS_DEPLOYMENT_TARGET = 10.3;
				MTL_ENABLE_DEBUG_INFO = YES;
				ONLY_ACTIVE_ARCH = YES;
				SDKROOT = iphoneos;
				SWIFT_ACTIVE_COMPILATION_CONDITIONS = DEBUG;
				SWIFT_OPTIMIZATION_LEVEL = "-Onone";
				TARGETED_DEVICE_FAMILY = "1,2";
			};
			name = Debug;
		};
		9088AF4F1F8C3EF800119B97 /* Release */ = {
			isa = XCBuildConfiguration;
			buildSettings = {
				ALWAYS_SEARCH_USER_PATHS = NO;
				CLANG_ANALYZER_NONNULL = YES;
				CLANG_ANALYZER_NUMBER_OBJECT_CONVERSION = YES_AGGRESSIVE;
				CLANG_CXX_LANGUAGE_STANDARD = "gnu++0x";
				CLANG_CXX_LIBRARY = "libc++";
				CLANG_ENABLE_MODULES = YES;
				CLANG_ENABLE_OBJC_ARC = YES;
				CLANG_WARN_BOOL_CONVERSION = YES;
				CLANG_WARN_CONSTANT_CONVERSION = YES;
				CLANG_WARN_DIRECT_OBJC_ISA_USAGE = YES_ERROR;
				CLANG_WARN_DOCUMENTATION_COMMENTS = YES;
				CLANG_WARN_EMPTY_BODY = YES;
				CLANG_WARN_ENUM_CONVERSION = YES;
				CLANG_WARN_INFINITE_RECURSION = YES;
				CLANG_WARN_INT_CONVERSION = YES;
				CLANG_WARN_OBJC_ROOT_CLASS = YES_ERROR;
				CLANG_WARN_SUSPICIOUS_MOVE = YES;
				CLANG_WARN_UNREACHABLE_CODE = YES;
				CLANG_WARN__DUPLICATE_METHOD_MATCH = YES;
				"CODE_SIGN_IDENTITY[sdk=iphoneos*]" = "iPhone Developer";
				COPY_PHASE_STRIP = NO;
				DEBUG_INFORMATION_FORMAT = "dwarf-with-dsym";
				ENABLE_NS_ASSERTIONS = NO;
				ENABLE_STRICT_OBJC_MSGSEND = YES;
				GCC_C_LANGUAGE_STANDARD = gnu99;
				GCC_NO_COMMON_BLOCKS = YES;
				GCC_WARN_64_TO_32_BIT_CONVERSION = YES;
				GCC_WARN_ABOUT_RETURN_TYPE = YES_ERROR;
				GCC_WARN_UNDECLARED_SELECTOR = YES;
				GCC_WARN_UNINITIALIZED_AUTOS = YES_AGGRESSIVE;
				GCC_WARN_UNUSED_FUNCTION = YES;
				GCC_WARN_UNUSED_VARIABLE = YES;
				IPHONEOS_DEPLOYMENT_TARGET = 10.3;
				MTL_ENABLE_DEBUG_INFO = NO;
				SDKROOT = iphoneos;
				SWIFT_OPTIMIZATION_LEVEL = "-Owholemodule";
				TARGETED_DEVICE_FAMILY = "1,2";
				VALIDATE_PRODUCT = YES;
			};
			name = Release;
		};
		9088AF511F8C3EF800119B97 /* Debug */ = {
			isa = XCBuildConfiguration;
			buildSettings = {
				ASSETCATALOG_COMPILER_APPICON_NAME = AppIcon;
				INFOPLIST_FILE = "My Gaming Interest/Info.plist";
				LD_RUNPATH_SEARCH_PATHS = "$(inherited) @executable_path/Frameworks";
				PRODUCT_BUNDLE_IDENTIFIER = "edu.RockValleyCollege.My-Gaming-Interest";
				PRODUCT_NAME = "$(TARGET_NAME)";
				SWIFT_VERSION = 3.0;
			};
			name = Debug;
		};
		9088AF521F8C3EF800119B97 /* Release */ = {
			isa = XCBuildConfiguration;
			buildSettings = {
				ASSETCATALOG_COMPILER_APPICON_NAME = AppIcon;
				INFOPLIST_FILE = "My Gaming Interest/Info.plist";
				LD_RUNPATH_SEARCH_PATHS = "$(inherited) @executable_path/Frameworks";
				PRODUCT_BUNDLE_IDENTIFIER = "edu.RockValleyCollege.My-Gaming-Interest";
				PRODUCT_NAME = "$(TARGET_NAME)";
				SWIFT_VERSION = 3.0;
			};
			name = Release;
		};
/* End XCBuildConfiguration section */

/* Begin XCConfigurationList section */
		9088AF371F8C3EF800119B97 /* Build configuration list for PBXProject "My Gaming Interest" */ = {
			isa = XCConfigurationList;
			buildConfigurations = (
				9088AF4E1F8C3EF800119B97 /* Debug */,
				9088AF4F1F8C3EF800119B97 /* Release */,
			);
			defaultConfigurationIsVisible = 0;
			defaultConfigurationName = Release;
		};
		9088AF501F8C3EF800119B97 /* Build configuration list for PBXNativeTarget "My Gaming Interest" */ = {
			isa = XCConfigurationList;
			buildConfigurations = (
				9088AF511F8C3EF800119B97 /* Debug */,
				9088AF521F8C3EF800119B97 /* Release */,
			);
			defaultConfigurationIsVisible = 0;
			defaultConfigurationName = Release;
		};
/* End XCConfigurationList section */
	};
	rootObject = 9088AF341F8C3EF800119B97 /* Project object */;
}
